
Microsoft Visual Studio Solution File, Format Version 12.00
# Visual Studio Version 17
VisualStudioVersion = 17.0.32014.148
MinimumVisualStudioVersion = 10.0.40219.1
Project("{FAE04EC0-301F-11D3-BF4B-00C04F79EFBC}") = "Waves", "Waves\Waves.csproj", "{1FF18983-970D-4E4F-8404-981667EF0836}"
EndProject
Global
	GlobalSection(SolutionConfigurationPlatforms) = preSolution
		Debug|Any CPU = Debug|Any CPU
		Release|Any CPU = Release|Any CPU
	EndGlobalSection
	GlobalSection(ProjectConfigurationPlatforms) = postSolution
		{1FF18983-970D-4E4F-8404-981667EF0836}.Debug|Any CPU.ActiveCfg = Debug|Any CPU
		{1FF18983-970D-4E4F-8404-981667EF0836}.Debug|Any CPU.Build.0 = Debug|Any CPU
		{1FF18983-970D-4E4F-8404-981667EF0836}.Release|Any CPU.ActiveCfg = Release|Any CPU
		{1FF18983-970D-4E4F-8404-981667EF0836}.Release|Any CPU.Build.0 = Release|Any CPU
	EndGlobalSection
	GlobalSection(SolutionProperties) = preSolution
		HideSolutionNode = FALSE
	EndGlobalSection
	GlobalSection(ExtensibilityGlobals) = postSolution
		SolutionGuid = {9703B32C-DA7A-46EF-BC02-C74E71E10356}
	EndGlobalSection
EndGlobal
